// !$*UTF8*$!
{
	archiveVersion = 1;
	classes = {
	};
	objectVersion = 46;
	objects = {

/* Begin PBXBuildFile section */
		11B46A011634EDD300DDAD68 /* UIKit.framework in Frameworks */ = {isa = PBXBuildFile; fileRef = 11B46A001634EDD300DDAD68 /* UIKit.framework */; };
		11B46A031634EDD300DDAD68 /* Foundation.framework in Frameworks */ = {isa = PBXBuildFile; fileRef = 11B46A021634EDD300DDAD68 /* Foundation.framework */; };
		11B46A051634EDD300DDAD68 /* CoreGraphics.framework in Frameworks */ = {isa = PBXBuildFile; fileRef = 11B46A041634EDD300DDAD68 /* CoreGraphics.framework */; };
		11B46A0B1634EDD300DDAD68 /* InfoPlist.strings in Resources */ = {isa = PBXBuildFile; fileRef = 11B46A091634EDD300DDAD68 /* InfoPlist.strings */; };
		11B46A0D1634EDD300DDAD68 /* main.m in Sources */ = {isa = PBXBuildFile; fileRef = 11B46A0C1634EDD300DDAD68 /* main.m */; };
		11B46A111634EDD300DDAD68 /* AppDelegate.m in Sources */ = {isa = PBXBuildFile; fileRef = 11B46A101634EDD300DDAD68 /* AppDelegate.m */; };
		11B46A131634EDD300DDAD68 /* Default.png in Resources */ = {isa = PBXBuildFile; fileRef = 11B46A121634EDD300DDAD68 /* Default.png */; };
		11B46A151634EDD300DDAD68 /* Default@2x.png in Resources */ = {isa = PBXBuildFile; fileRef = 11B46A141634EDD300DDAD68 /* Default@2x.png */; };
		11B46A171634EDD300DDAD68 /* Default-568h@2x.png in Resources */ = {isa = PBXBuildFile; fileRef = 11B46A161634EDD300DDAD68 /* Default-568h@2x.png */; };
		11B46A1A1634EDD300DDAD68 /* ViewController.m in Sources */ = {isa = PBXBuildFile; fileRef = 11B46A191634EDD300DDAD68 /* ViewController.m */; };
		11B46A1D1634EDD300DDAD68 /* ViewController.xib in Resources */ = {isa = PBXBuildFile; fileRef = 11B46A1B1634EDD300DDAD68 /* ViewController.xib */; };
		11B46A2F1634FBD400DDAD68 /* DetailViewController.m in Sources */ = {isa = PBXBuildFile; fileRef = 11B46A2D1634FBD400DDAD68 /* DetailViewController.m */; };
		11B46A301634FBD400DDAD68 /* DetailViewController.xib in Resources */ = {isa = PBXBuildFile; fileRef = 11B46A2E1634FBD400DDAD68 /* DetailViewController.xib */; };
/* End PBXBuildFile section */

/* Begin PBXFileReference section */
		11B469FC1634EDD300DDAD68 /* runTimeApi.app */ = {isa = PBXFileReference; explicitFileType = wrapper.application; includeInIndex = 0; path = runTimeApi.app; sourceTree = BUILT_PRODUCTS_DIR; };
		11B46A001634EDD300DDAD68 /* UIKit.framework */ = {isa = PBXFileReference; lastKnownFileType = wrapper.framework; name = UIKit.framework; path = System/Library/Frameworks/UIKit.framework; sourceTree = SDKROOT; };
		11B46A021634EDD300DDAD68 /* Foundation.framework */ = {isa = PBXFileReference; lastKnownFileType = wrapper.framework; name = Foundation.framework; path = System/Library/Frameworks/Foundation.framework; sourceTree = SDKROOT; };
		11B46A041634EDD300DDAD68 /* CoreGraphics.framework */ = {isa = PBXFileReference; lastKnownFileType = wrapper.framework; name = CoreGraphics.framework; path = System/Library/Frameworks/CoreGraphics.framework; sourceTree = SDKROOT; };
		11B46A081634EDD300DDAD68 /* runTimeApi-Info.plist */ = {isa = PBXFileReference; lastKnownFileType = text.plist.xml; path = "runTimeApi-Info.plist"; sourceTree = "<group>"; };
		11B46A0A1634EDD300DDAD68 /* en */ = {isa = PBXFileReference; lastKnownFileType = text.plist.strings; name = en; path = en.lproj/InfoPlist.strings; sourceTree = "<group>"; };
		11B46A0C1634EDD300DDAD68 /* main.m */ = {isa = PBXFileReference; lastKnownFileType = sourcecode.c.objc; path = main.m; sourceTree = "<group>"; };
		11B46A0E1634EDD300DDAD68 /* runTimeApi-Prefix.pch */ = {isa = PBXFileReference; lastKnownFileType = sourcecode.c.h; path = "runTimeApi-Prefix.pch"; sourceTree = "<group>"; };
		11B46A0F1634EDD300DDAD68 /* AppDelegate.h */ = {isa = PBXFileReference; lastKnownFileType = sourcecode.c.h; path = AppDelegate.h; sourceTree = "<group>"; };
		11B46A101634EDD300DDAD68 /* AppDelegate.m */ = {isa = PBXFileReference; lastKnownFileType = sourcecode.c.objc; path = AppDelegate.m; sourceTree = "<group>"; };
		11B46A121634EDD300DDAD68 /* Default.png */ = {isa = PBXFileReference; lastKnownFileType = image.png; path = Default.png; sourceTree = "<group>"; };
		11B46A141634EDD300DDAD68 /* Default@2x.png */ = {isa = PBXFileReference; lastKnownFileType = image.png; path = "Default@2x.png"; sourceTree = "<group>"; };
		11B46A161634EDD300DDAD68 /* Default-568h@2x.png */ = {isa = PBXFileReference; lastKnownFileType = image.png; path = "Default-568h@2x.png"; sourceTree = "<group>"; };
		11B46A181634EDD300DDAD68 /* ViewController.h */ = {isa = PBXFileReference; lastKnownFileType = sourcecode.c.h; path = ViewController.h; sourceTree = "<group>"; };
		11B46A191634EDD300DDAD68 /* ViewController.m */ = {isa = PBXFileReference; lastKnownFileType = sourcecode.c.objc; path = ViewController.m; sourceTree = "<group>"; };
		11B46A1C1634EDD300DDAD68 /* en */ = {isa = PBXFileReference; lastKnownFileType = file.xib; name = en; path = en.lproj/ViewController.xib; sourceTree = "<group>"; };
		11B46A2C1634FBD400DDAD68 /* DetailViewController.h */ = {isa = PBXFileReference; fileEncoding = 4; lastKnownFileType = sourcecode.c.h; path = DetailViewController.h; sourceTree = "<group>"; };
		11B46A2D1634FBD400DDAD68 /* DetailViewController.m */ = {isa = PBXFileReference; fileEncoding = 4; lastKnownFileType = sourcecode.c.objc; path = DetailViewController.m; sourceTree = "<group>"; };
		11B46A2E1634FBD400DDAD68 /* DetailViewController.xib */ = {isa = PBXFileReference; fileEncoding = 4; lastKnownFileType = file.xib; path = DetailViewController.xib; sourceTree = "<group>"; };
/* End PBXFileReference section */

/* Begin PBXFrameworksBuildPhase section */
		11B469F91634EDD300DDAD68 /* Frameworks */ = {
			isa = PBXFrameworksBuildPhase;
			buildActionMask = 2147483647;
			files = (
				11B46A011634EDD300DDAD68 /* UIKit.framework in Frameworks */,
				11B46A031634EDD300DDAD68 /* Foundation.framework in Frameworks */,
				11B46A051634EDD300DDAD68 /* CoreGraphics.framework in Frameworks */,
			);
			runOnlyForDeploymentPostprocessing = 0;
		};
/* End PBXFrameworksBuildPhase section */

/* Begin PBXGroup section */
		11B469F11634EDD300DDAD68 = {
			isa = PBXGroup;
			children = (
				11B46A061634EDD300DDAD68 /* runTimeApi */,
				11B469FF1634EDD300DDAD68 /* Frameworks */,
				11B469FD1634EDD300DDAD68 /* Products */,
			);
			sourceTree = "<group>";
		};
		11B469FD1634EDD300DDAD68 /* Products */ = {
			isa = PBXGroup;
			children = (
				11B469FC1634EDD300DDAD68 /* runTimeApi.app */,
			);
			name = Products;
			sourceTree = "<group>";
		};
		11B469FF1634EDD300DDAD68 /* Frameworks */ = {
			isa = PBXGroup;
			children = (
				11B46A001634EDD300DDAD68 /* UIKit.framework */,
				11B46A021634EDD300DDAD68 /* Foundation.framework */,
				11B46A041634EDD300DDAD68 /* CoreGraphics.framework */,
			);
			name = Frameworks;
			sourceTree = "<group>";
		};
		11B46A061634EDD300DDAD68 /* runTimeApi */ = {
			isa = PBXGroup;
			children = (
				11B46A0F1634EDD300DDAD68 /* AppDelegate.h */,
				11B46A101634EDD300DDAD68 /* AppDelegate.m */,
				11B46A181634EDD300DDAD68 /* ViewController.h */,
				11B46A191634EDD300DDAD68 /* ViewController.m */,
				11B46A1B1634EDD300DDAD68 /* ViewController.xib */,
				11B46A2C1634FBD400DDAD68 /* DetailViewController.h */,
				11B46A2D1634FBD400DDAD68 /* DetailViewController.m */,
				11B46A2E1634FBD400DDAD68 /* DetailViewController.xib */,
				11B46A071634EDD300DDAD68 /* Supporting Files */,
			);
			path = runTimeApi;
			sourceTree = "<group>";
		};
		11B46A071634EDD300DDAD68 /* Supporting Files */ = {
			isa = PBXGroup;
			children = (
				11B46A081634EDD300DDAD68 /* runTimeApi-Info.plist */,
				11B46A091634EDD300DDAD68 /* InfoPlist.strings */,
				11B46A0C1634EDD300DDAD68 /* main.m */,
				11B46A0E1634EDD300DDAD68 /* runTimeApi-Prefix.pch */,
				11B46A121634EDD300DDAD68 /* Default.png */,
				11B46A141634EDD300DDAD68 /* Default@2x.png */,
				11B46A161634EDD300DDAD68 /* Default-568h@2x.png */,
			);
			name = "Supporting Files";
			sourceTree = "<group>";
		};
/* End PBXGroup section */

/* Begin PBXNativeTarget section */
		11B469FB1634EDD300DDAD68 /* runTimeApi */ = {
			isa = PBXNativeTarget;
			buildConfigurationList = 11B46A201634EDD300DDAD68 /* Build configuration list for PBXNativeTarget "runTimeApi" */;
			buildPhases = (
				11B469F81634EDD300DDAD68 /* Sources */,
				11B469F91634EDD300DDAD68 /* Frameworks */,
				11B469FA1634EDD300DDAD68 /* Resources */,
			);
			buildRules = (
			);
			dependencies = (
			);
			name = runTimeApi;
			productName = runTimeApi;
			productReference = 11B469FC1634EDD300DDAD68 /* runTimeApi.app */;
			productType = "com.apple.product-type.application";
		};
/* End PBXNativeTarget section */

/* Begin PBXProject section */
		11B469F31634EDD300DDAD68 /* Project object */ = {
			isa = PBXProject;
			attributes = {
				LastUpgradeCheck = 0450;
				ORGANIZATIONNAME = koji.Okada;
			};
			buildConfigurationList = 11B469F61634EDD300DDAD68 /* Build configuration list for PBXProject "runTimeApi" */;
			compatibilityVersion = "Xcode 3.2";
			developmentRegion = English;
			hasScannedForEncodings = 0;
			knownRegions = (
				en,
			);
			mainGroup = 11B469F11634EDD300DDAD68;
			productRefGroup = 11B469FD1634EDD300DDAD68 /* Products */;
			projectDirPath = "";
			projectRoot = "";
			targets = (
				11B469FB1634EDD300DDAD68 /* runTimeApi */,
			);
		};
/* End PBXProject section */

/* Begin PBXResourcesBuildPhase section */
		11B469FA1634EDD300DDAD68 /* Resources */ = {
			isa = PBXResourcesBuildPhase;
			buildActionMask = 2147483647;
			files = (
				11B46A0B1634EDD300DDAD68 /* InfoPlist.strings in Resources */,
				11B46A131634EDD300DDAD68 /* Default.png in Resources */,
				11B46A151634EDD300DDAD68 /* Default@2x.png in Resources */,
				11B46A171634EDD300DDAD68 /* Default-568h@2x.png in Resources */,
				11B46A1D1634EDD300DDAD68 /* ViewController.xib in Resources */,
				11B46A301634FBD400DDAD68 /* DetailViewController.xib in Resources */,
			);
			runOnlyForDeploymentPostprocessing = 0;
		};
/* End PBXResourcesBuildPhase section */

/* Begin PBXSourcesBuildPhase section */
		11B469F81634EDD300DDAD68 /* Sources */ = {
			isa = PBXSourcesBuildPhase;
			buildActionMask = 2147483647;
			files = (
				11B46A0D1634EDD300DDAD68 /* main.m in Sources */,
				11B46A111634EDD300DDAD68 /* AppDelegate.m in Sources */,
				11B46A1A1634EDD300DDAD68 /* ViewController.m in Sources */,
				11B46A2F1634FBD400DDAD68 /* DetailViewController.m in Sources */,
			);
			runOnlyForDeploymentPostprocessing = 0;
		};
/* End PBXSourcesBuildPhase section */

/* Begin PBXVariantGroup section */
		11B46A091634EDD300DDAD68 /* InfoPlist.strings */ = {
			isa = PBXVariantGroup;
			children = (
				11B46A0A1634EDD300DDAD68 /* en */,
			);
			name = InfoPlist.strings;
			sourceTree = "<group>";
		};
		11B46A1B1634EDD300DDAD68 /* ViewController.xib */ = {
			isa = PBXVariantGroup;
			children = (
				11B46A1C1634EDD300DDAD68 /* en */,
			);
			name = ViewController.xib;
			sourceTree = "<group>";
		};
/* End PBXVariantGroup section */

/* Begin XCBuildConfiguration section */
		11B46A1E1634EDD300DDAD68 /* Debug */ = {
			isa = XCBuildConfiguration;
			buildSettings = {
				ALWAYS_SEARCH_USER_PATHS = NO;
				CLANG_CXX_LANGUAGE_STANDARD = "gnu++0x";
				CLANG_CXX_LIBRARY = "libc++";
				CLANG_WARN_EMPTY_BODY = YES;
				CLANG_WARN__DUPLICATE_METHOD_MATCH = YES;
				"CODE_SIGN_IDENTITY[sdk=iphoneos*]" = "iPhone Developer";
				COPY_PHASE_STRIP = NO;
				GCC_C_LANGUAGE_STANDARD = gnu99;
				GCC_DYNAMIC_NO_PIC = NO;
				GCC_OPTIMIZATION_LEVEL = 0;
				GCC_PREPROCESSOR_DEFINITIONS = (
					"DEBUG=1",
					"$(inherited)",
				);
				GCC_SYMBOLS_PRIVATE_EXTERN = NO;
				GCC_WARN_ABOUT_RETURN_TYPE = YES;
				GCC_WARN_UNINITIALIZED_AUTOS = YES;
				GCC_WARN_UNUSED_VARIABLE = YES;
				IPHONEOS_DEPLOYMENT_TARGET = 6.0;
				SDKROOT = iphoneos;
			};
			name = Debug;
		};
		11B46A1F1634EDD300DDAD68 /* Release */ = {
			isa = XCBuildConfiguration;
			buildSettings = {
				ALWAYS_SEARCH_USER_PATHS = NO;
				CLANG_CXX_LANGUAGE_STANDARD = "gnu++0x";
				CLANG_CXX_LIBRARY = "libc++";
				CLANG_WARN_EMPTY_BODY = YES;
				CLANG_WARN__DUPLICATE_METHOD_MATCH = YES;
				"CODE_SIGN_IDENTITY[sdk=iphoneos*]" = "iPhone Developer";
				COPY_PHASE_STRIP = YES;
				GCC_C_LANGUAGE_STANDARD = gnu99;
				GCC_WARN_ABOUT_RETURN_TYPE = YES;
				GCC_WARN_UNINITIALIZED_AUTOS = YES;
				GCC_WARN_UNUSED_VARIABLE = YES;
				IPHONEOS_DEPLOYMENT_TARGET = 6.0;
				OTHER_CFLAGS = "-DNS_BLOCK_ASSERTIONS=1";
				SDKROOT = iphoneos;
				VALIDATE_PRODUCT = YES;
			};
			name = Release;
		};
		11B46A211634EDD300DDAD68 /* Debug */ = {
			isa = XCBuildConfiguration;
			buildSettings = {
				GCC_PRECOMPILE_PREFIX_HEADER = YES;
				GCC_PREFIX_HEADER = "runTimeApi/runTimeApi-Prefix.pch";
				INFOPLIST_FILE = "runTimeApi/runTimeApi-Info.plist";
				PRODUCT_NAME = "$(TARGET_NAME)";
				WRAPPER_EXTENSION = app;
			};
			name = Debug;
		};
		11B46A221634EDD300DDAD68 /* Release */ = {
			isa = XCBuildConfiguration;
			buildSettings = {
				GCC_PRECOMPILE_PREFIX_HEADER = YES;
				GCC_PREFIX_HEADER = "runTimeApi/runTimeApi-Prefix.pch";
				INFOPLIST_FILE = "runTimeApi/runTimeApi-Info.plist";
				PRODUCT_NAME = "$(TARGET_NAME)";
				WRAPPER_EXTENSION = app;
			};
			name = Release;
		};
/* End XCBuildConfiguration section */

/* Begin XCConfigurationList section */
		11B469F61634EDD300DDAD68 /* Build configuration list for PBXProject "runTimeApi" */ = {
			isa = XCConfigurationList;
			buildConfigurations = (
				11B46A1E1634EDD300DDAD68 /* Debug */,
				11B46A1F1634EDD300DDAD68 /* Release */,
			);
			defaultConfigurationIsVisible = 0;
			defaultConfigurationName = Release;
		};
		11B46A201634EDD300DDAD68 /* Build configuration list for PBXNativeTarget "runTimeApi" */ = {
			isa = XCConfigurationList;
			buildConfigurations = (
				11B46A211634EDD300DDAD68 /* Debug */,
				11B46A221634EDD300DDAD68 /* Release */,
			);
			defaultConfigurationIsVisible = 0;
		};
/* End XCConfigurationList section */
	};
	rootObject = 11B469F31634EDD300DDAD68 /* Project object */;
}
